// !$*UTF8*$!
{
	archiveVersion = 1;
	classes = {
	};
	objectVersion = 46;
	objects = {

/* Begin PBXBuildFile section */
		5924101819B2FEB90007534E /* mypage.m in Sources */ = {isa = PBXBuildFile; fileRef = 5924101719B2FEB90007534E /* mypage.m */; };
		5924101B19B306500007534E /* typeCheck.m in Sources */ = {isa = PBXBuildFile; fileRef = 5924101A19B306500007534E /* typeCheck.m */; };
		59347E811956B5300012F7DD /* Foundation.framework in Frameworks */ = {isa = PBXBuildFile; fileRef = 59347E801956B5300012F7DD /* Foundation.framework */; };
		59347E831956B5300012F7DD /* CoreGraphics.framework in Frameworks */ = {isa = PBXBuildFile; fileRef = 59347E821956B5300012F7DD /* CoreGraphics.framework */; };
		59347E851956B5300012F7DD /* UIKit.framework in Frameworks */ = {isa = PBXBuildFile; fileRef = 59347E841956B5300012F7DD /* UIKit.framework */; };
		59347E8B1956B5300012F7DD /* InfoPlist.strings in Resources */ = {isa = PBXBuildFile; fileRef = 59347E891956B5300012F7DD /* InfoPlist.strings */; };
		59347E8D1956B5300012F7DD /* main.m in Sources */ = {isa = PBXBuildFile; fileRef = 59347E8C1956B5300012F7DD /* main.m */; };
		59347E911956B5300012F7DD /* AppDelegate.m in Sources */ = {isa = PBXBuildFile; fileRef = 59347E901956B5300012F7DD /* AppDelegate.m */; };
		59347E941956B5300012F7DD /* Main.storyboard in Resources */ = {isa = PBXBuildFile; fileRef = 59347E921956B5300012F7DD /* Main.storyboard */; };
		59347E971956B5300012F7DD /* ViewController.m in Sources */ = {isa = PBXBuildFile; fileRef = 59347E961956B5300012F7DD /* ViewController.m */; };
		59347E991956B5300012F7DD /* Images.xcassets in Resources */ = {isa = PBXBuildFile; fileRef = 59347E981956B5300012F7DD /* Images.xcassets */; };
		59347EA01956B5300012F7DD /* XCTest.framework in Frameworks */ = {isa = PBXBuildFile; fileRef = 59347E9F1956B5300012F7DD /* XCTest.framework */; };
		59347EA11956B5300012F7DD /* Foundation.framework in Frameworks */ = {isa = PBXBuildFile; fileRef = 59347E801956B5300012F7DD /* Foundation.framework */; };
		59347EA21956B5300012F7DD /* UIKit.framework in Frameworks */ = {isa = PBXBuildFile; fileRef = 59347E841956B5300012F7DD /* UIKit.framework */; };
		59347EAA1956B5300012F7DD /* InfoPlist.strings in Resources */ = {isa = PBXBuildFile; fileRef = 59347EA81956B5300012F7DD /* InfoPlist.strings */; };
		59347EAC1956B5300012F7DD /* gokigenvoiceTests.m in Sources */ = {isa = PBXBuildFile; fileRef = 59347EAB1956B5300012F7DD /* gokigenvoiceTests.m */; };
		5936D21219E11DFA005CB58F /* selectType.m in Sources */ = {isa = PBXBuildFile; fileRef = 5936D21119E11DFA005CB58F /* selectType.m */; };
		59828D4219FCCD1A005F0ED8 /* ごきげんボイス　文字ロゴ 2.png in Resources */ = {isa = PBXBuildFile; fileRef = 59828D4119FCCD1A005F0ED8 /* ごきげんボイス　文字ロゴ 2.png */; };
		59828D4419FCCDC4005F0ED8 /* ごきげんちゃん01 2.png in Resources */ = {isa = PBXBuildFile; fileRef = 59828D4319FCCDC4005F0ED8 /* ごきげんちゃん01 2.png */; };
		599AA70E19DB059200B72B4B /* wood.png in Resources */ = {isa = PBXBuildFile; fileRef = 599AA70D19DB059200B72B4B /* wood.png */; };
		599AA71019DB06E200B72B4B /* fire.png in Resources */ = {isa = PBXBuildFile; fileRef = 599AA70F19DB06E200B72B4B /* fire.png */; };
		599AA71219DB072A00B72B4B /* tuchi.png in Resources */ = {isa = PBXBuildFile; fileRef = 599AA71119DB072A00B72B4B /* tuchi.png */; };
		599AA71419DB078800B72B4B /* gold.png in Resources */ = {isa = PBXBuildFile; fileRef = 599AA71319DB078800B72B4B /* gold.png */; };
		599AA71619DB079000B72B4B /* water.png in Resources */ = {isa = PBXBuildFile; fileRef = 599AA71519DB079000B72B4B /* water.png */; };
/* End PBXBuildFile section */

/* Begin PBXContainerItemProxy section */
		59347EA31956B5300012F7DD /* PBXContainerItemProxy */ = {
			isa = PBXContainerItemProxy;
			containerPortal = 59347E751956B5300012F7DD /* Project object */;
			proxyType = 1;
			remoteGlobalIDString = 59347E7C1956B5300012F7DD;
			remoteInfo = gokigenvoice;
		};
/* End PBXContainerItemProxy section */

/* Begin PBXFileReference section */
		5924101619B2FEB90007534E /* mypage.h */ = {isa = PBXFileReference; fileEncoding = 4; lastKnownFileType = sourcecode.c.h; path = mypage.h; sourceTree = "<group>"; };
		5924101719B2FEB90007534E /* mypage.m */ = {isa = PBXFileReference; fileEncoding = 4; lastKnownFileType = sourcecode.c.objc; path = mypage.m; sourceTree = "<group>"; };
		5924101919B306500007534E /* typeCheck.h */ = {isa = PBXFileReference; fileEncoding = 4; lastKnownFileType = sourcecode.c.h; path = typeCheck.h; sourceTree = "<group>"; };
		5924101A19B306500007534E /* typeCheck.m */ = {isa = PBXFileReference; fileEncoding = 4; lastKnownFileType = sourcecode.c.objc; path = typeCheck.m; sourceTree = "<group>"; };
		59347E7D1956B5300012F7DD /* gokigenvoice.app */ = {isa = PBXFileReference; explicitFileType = wrapper.application; includeInIndex = 0; path = gokigenvoice.app; sourceTree = BUILT_PRODUCTS_DIR; };
		59347E801956B5300012F7DD /* Foundation.framework */ = {isa = PBXFileReference; lastKnownFileType = wrapper.framework; name = Foundation.framework; path = System/Library/Frameworks/Foundation.framework; sourceTree = SDKROOT; };
		59347E821956B5300012F7DD /* CoreGraphics.framework */ = {isa = PBXFileReference; lastKnownFileType = wrapper.framework; name = CoreGraphics.framework; path = System/Library/Frameworks/CoreGraphics.framework; sourceTree = SDKROOT; };
		59347E841956B5300012F7DD /* UIKit.framework */ = {isa = PBXFileReference; lastKnownFileType = wrapper.framework; name = UIKit.framework; path = System/Library/Frameworks/UIKit.framework; sourceTree = SDKROOT; };
		59347E881956B5300012F7DD /* gokigenvoice-Info.plist */ = {isa = PBXFileReference; lastKnownFileType = text.plist.xml; path = "gokigenvoice-Info.plist"; sourceTree = "<group>"; };
		59347E8A1956B5300012F7DD /* en */ = {isa = PBXFileReference; lastKnownFileType = text.plist.strings; name = en; path = en.lproj/InfoPlist.strings; sourceTree = "<group>"; };
		59347E8C1956B5300012F7DD /* main.m */ = {isa = PBXFileReference; lastKnownFileType = sourcecode.c.objc; path = main.m; sourceTree = "<group>"; };
		59347E8E1956B5300012F7DD /* gokigenvoice-Prefix.pch */ = {isa = PBXFileReference; lastKnownFileType = sourcecode.c.h; path = "gokigenvoice-Prefix.pch"; sourceTree = "<group>"; };
		59347E8F1956B5300012F7DD /* AppDelegate.h */ = {isa = PBXFileReference; lastKnownFileType = sourcecode.c.h; path = AppDelegate.h; sourceTree = "<group>"; };
		59347E901956B5300012F7DD /* AppDelegate.m */ = {isa = PBXFileReference; lastKnownFileType = sourcecode.c.objc; path = AppDelegate.m; sourceTree = "<group>"; };
		59347E931956B5300012F7DD /* Base */ = {isa = PBXFileReference; lastKnownFileType = file.storyboard; name = Base; path = Base.lproj/Main.storyboard; sourceTree = "<group>"; };
		59347E951956B5300012F7DD /* ViewController.h */ = {isa = PBXFileReference; lastKnownFileType = sourcecode.c.h; path = ViewController.h; sourceTree = "<group>"; };
		59347E961956B5300012F7DD /* ViewController.m */ = {isa = PBXFileReference; lastKnownFileType = sourcecode.c.objc; path = ViewController.m; sourceTree = "<group>"; };
		59347E981956B5300012F7DD /* Images.xcassets */ = {isa = PBXFileReference; lastKnownFileType = folder.assetcatalog; path = Images.xcassets; sourceTree = "<group>"; };
		59347E9E1956B5300012F7DD /* gokigenvoiceTests.xctest */ = {isa = PBXFileReference; explicitFileType = wrapper.cfbundle; includeInIndex = 0; path = gokigenvoiceTests.xctest; sourceTree = BUILT_PRODUCTS_DIR; };
		59347E9F1956B5300012F7DD /* XCTest.framework */ = {isa = PBXFileReference; lastKnownFileType = wrapper.framework; name = XCTest.framework; path = Library/Frameworks/XCTest.framework; sourceTree = DEVELOPER_DIR; };
		59347EA71956B5300012F7DD /* gokigenvoiceTests-Info.plist */ = {isa = PBXFileReference; lastKnownFileType = text.plist.xml; path = "gokigenvoiceTests-Info.plist"; sourceTree = "<group>"; };
		59347EA91956B5300012F7DD /* en */ = {isa = PBXFileReference; lastKnownFileType = text.plist.strings; name = en; path = en.lproj/InfoPlist.strings; sourceTree = "<group>"; };
		59347EAB1956B5300012F7DD /* gokigenvoiceTests.m */ = {isa = PBXFileReference; lastKnownFileType = sourcecode.c.objc; path = gokigenvoiceTests.m; sourceTree = "<group>"; };
		5936D21019E11DFA005CB58F /* selectType.h */ = {isa = PBXFileReference; fileEncoding = 4; lastKnownFileType = sourcecode.c.h; path = selectType.h; sourceTree = "<group>"; };
		5936D21119E11DFA005CB58F /* selectType.m */ = {isa = PBXFileReference; fileEncoding = 4; lastKnownFileType = sourcecode.c.objc; path = selectType.m; sourceTree = "<group>"; };
		59828D4119FCCD1A005F0ED8 /* ごきげんボイス　文字ロゴ 2.png */ = {isa = PBXFileReference; lastKnownFileType = image.png; path = "ごきげんボイス　文字ロゴ 2.png"; sourceTree = "<group>"; };
		59828D4319FCCDC4005F0ED8 /* ごきげんちゃん01 2.png */ = {isa = PBXFileReference; lastKnownFileType = image.png; path = "ごきげんちゃん01 2.png"; sourceTree = "<group>"; };
		599AA70D19DB059200B72B4B /* wood.png */ = {isa = PBXFileReference; lastKnownFileType = image.png; path = wood.png; sourceTree = "<group>"; };
		599AA70F19DB06E200B72B4B /* fire.png */ = {isa = PBXFileReference; lastKnownFileType = image.png; path = fire.png; sourceTree = "<group>"; };
		599AA71119DB072A00B72B4B /* tuchi.png */ = {isa = PBXFileReference; lastKnownFileType = image.png; path = tuchi.png; sourceTree = "<group>"; };
		599AA71319DB078800B72B4B /* gold.png */ = {isa = PBXFileReference; lastKnownFileType = image.png; path = gold.png; sourceTree = "<group>"; };
		599AA71519DB079000B72B4B /* water.png */ = {isa = PBXFileReference; lastKnownFileType = image.png; path = water.png; sourceTree = "<group>"; };
/* End PBXFileReference section */

/* Begin PBXFrameworksBuildPhase section */
		59347E7A1956B5300012F7DD /* Frameworks */ = {
			isa = PBXFrameworksBuildPhase;
			buildActionMask = 2147483647;
			files = (
				59347E831956B5300012F7DD /* CoreGraphics.framework in Frameworks */,
				59347E851956B5300012F7DD /* UIKit.framework in Frameworks */,
				59347E811956B5300012F7DD /* Foundation.framework in Frameworks */,
			);
			runOnlyForDeploymentPostprocessing = 0;
		};
		59347E9B1956B5300012F7DD /* Frameworks */ = {
			isa = PBXFrameworksBuildPhase;
			buildActionMask = 2147483647;
			files = (
				59347EA01956B5300012F7DD /* XCTest.framework in Frameworks */,
				59347EA21956B5300012F7DD /* UIKit.framework in Frameworks */,
				59347EA11956B5300012F7DD /* Foundation.framework in Frameworks */,
			);
			runOnlyForDeploymentPostprocessing = 0;
		};
/* End PBXFrameworksBuildPhase section */

/* Begin PBXGroup section */
		59347E741956B5300012F7DD = {
			isa = PBXGroup;
			children = (
				59347E861956B5300012F7DD /* gokigenvoice */,
				59347EA51956B5300012F7DD /* gokigenvoiceTests */,
				59347E7F1956B5300012F7DD /* Frameworks */,
				59347E7E1956B5300012F7DD /* Products */,
			);
			sourceTree = "<group>";
		};
		59347E7E1956B5300012F7DD /* Products */ = {
			isa = PBXGroup;
			children = (
				59347E7D1956B5300012F7DD /* gokigenvoice.app */,
				59347E9E1956B5300012F7DD /* gokigenvoiceTests.xctest */,
			);
			name = Products;
			sourceTree = "<group>";
		};
		59347E7F1956B5300012F7DD /* Frameworks */ = {
			isa = PBXGroup;
			children = (
				59347E801956B5300012F7DD /* Foundation.framework */,
				59347E821956B5300012F7DD /* CoreGraphics.framework */,
				59347E841956B5300012F7DD /* UIKit.framework */,
				59347E9F1956B5300012F7DD /* XCTest.framework */,
			);
			name = Frameworks;
			sourceTree = "<group>";
		};
		59347E861956B5300012F7DD /* gokigenvoice */ = {
			isa = PBXGroup;
			children = (
				59347E8F1956B5300012F7DD /* AppDelegate.h */,
				59347E901956B5300012F7DD /* AppDelegate.m */,
				59347E921956B5300012F7DD /* Main.storyboard */,
				5924101919B306500007534E /* typeCheck.h */,
				5924101A19B306500007534E /* typeCheck.m */,
				5924101619B2FEB90007534E /* mypage.h */,
				5924101719B2FEB90007534E /* mypage.m */,
				5936D21019E11DFA005CB58F /* selectType.h */,
				5936D21119E11DFA005CB58F /* selectType.m */,
				59347E951956B5300012F7DD /* ViewController.h */,
				59347E961956B5300012F7DD /* ViewController.m */,
				59347E981956B5300012F7DD /* Images.xcassets */,
				59347E871956B5300012F7DD /* Supporting Files */,
			);
			path = gokigenvoice;
			sourceTree = "<group>";
		};
		59347E871956B5300012F7DD /* Supporting Files */ = {
			isa = PBXGroup;
			children = (
				599AA70D19DB059200B72B4B /* wood.png */,
				599AA70F19DB06E200B72B4B /* fire.png */,
				599AA71319DB078800B72B4B /* gold.png */,
				599AA71519DB079000B72B4B /* water.png */,
				59828D4119FCCD1A005F0ED8 /* ごきげんボイス　文字ロゴ 2.png */,
				599AA71119DB072A00B72B4B /* tuchi.png */,
				59347E881956B5300012F7DD /* gokigenvoice-Info.plist */,
				59828D4319FCCDC4005F0ED8 /* ごきげんちゃん01 2.png */,
				59347E891956B5300012F7DD /* InfoPlist.strings */,
				59347E8C1956B5300012F7DD /* main.m */,
				59347E8E1956B5300012F7DD /* gokigenvoice-Prefix.pch */,
			);
			name = "Supporting Files";
			sourceTree = "<group>";
		};
		59347EA51956B5300012F7DD /* gokigenvoiceTests */ = {
			isa = PBXGroup;
			children = (
				59347EAB1956B5300012F7DD /* gokigenvoiceTests.m */,
				59347EA61956B5300012F7DD /* Supporting Files */,
			);
			path = gokigenvoiceTests;
			sourceTree = "<group>";
		};
		59347EA61956B5300012F7DD /* Supporting Files */ = {
			isa = PBXGroup;
			children = (
				59347EA71956B5300012F7DD /* gokigenvoiceTests-Info.plist */,
				59347EA81956B5300012F7DD /* InfoPlist.strings */,
			);
			name = "Supporting Files";
			sourceTree = "<group>";
		};
/* End PBXGroup section */

/* Begin PBXNativeTarget section */
		59347E7C1956B5300012F7DD /* gokigenvoice */ = {
			isa = PBXNativeTarget;
			buildConfigurationList = 59347EAF1956B5300012F7DD /* Build configuration list for PBXNativeTarget "gokigenvoice" */;
			buildPhases = (
				59347E791956B5300012F7DD /* Sources */,
				59347E7A1956B5300012F7DD /* Frameworks */,
				59347E7B1956B5300012F7DD /* Resources */,
			);
			buildRules = (
			);
			dependencies = (
			);
			name = gokigenvoice;
			productName = gokigenvoice;
			productReference = 59347E7D1956B5300012F7DD /* gokigenvoice.app */;
			productType = "com.apple.product-type.application";
		};
		59347E9D1956B5300012F7DD /* gokigenvoiceTests */ = {
			isa = PBXNativeTarget;
			buildConfigurationList = 59347EB21956B5300012F7DD /* Build configuration list for PBXNativeTarget "gokigenvoiceTests" */;
			buildPhases = (
				59347E9A1956B5300012F7DD /* Sources */,
				59347E9B1956B5300012F7DD /* Frameworks */,
				59347E9C1956B5300012F7DD /* Resources */,
			);
			buildRules = (
			);
			dependencies = (
				59347EA41956B5300012F7DD /* PBXTargetDependency */,
			);
			name = gokigenvoiceTests;
			productName = gokigenvoiceTests;
			productReference = 59347E9E1956B5300012F7DD /* gokigenvoiceTests.xctest */;
			productType = "com.apple.product-type.bundle.unit-test";
		};
/* End PBXNativeTarget section */

/* Begin PBXProject section */
		59347E751956B5300012F7DD /* Project object */ = {
			isa = PBXProject;
			attributes = {
				LastUpgradeCheck = 0510;
				ORGANIZATIONNAME = myname;
				TargetAttributes = {
					59347E7C1956B5300012F7DD = {
						DevelopmentTeam = DS9AC9GQ9E;
					};
					59347E9D1956B5300012F7DD = {
						TestTargetID = 59347E7C1956B5300012F7DD;
					};
				};
			};
			buildConfigurationList = 59347E781956B5300012F7DD /* Build configuration list for PBXProject "gokigenvoice" */;
			compatibilityVersion = "Xcode 3.2";
			developmentRegion = English;
			hasScannedForEncodings = 0;
			knownRegions = (
				en,
				Base,
			);
			mainGroup = 59347E741956B5300012F7DD;
			productRefGroup = 59347E7E1956B5300012F7DD /* Products */;
			projectDirPath = "";
			projectRoot = "";
			targets = (
				59347E7C1956B5300012F7DD /* gokigenvoice */,
				59347E9D1956B5300012F7DD /* gokigenvoiceTests */,
			);
		};
/* End PBXProject section */

/* Begin PBXResourcesBuildPhase section */
		59347E7B1956B5300012F7DD /* Resources */ = {
			isa = PBXResourcesBuildPhase;
			buildActionMask = 2147483647;
			files = (
				59828D4219FCCD1A005F0ED8 /* ごきげんボイス　文字ロゴ 2.png in Resources */,
				599AA71419DB078800B72B4B /* gold.png in Resources */,
				599AA71619DB079000B72B4B /* water.png in Resources */,
				599AA70E19DB059200B72B4B /* wood.png in Resources */,
				59347E991956B5300012F7DD /* Images.xcassets in Resources */,
				59347E8B1956B5300012F7DD /* InfoPlist.strings in Resources */,
				59347E941956B5300012F7DD /* Main.storyboard in Resources */,
				599AA71219DB072A00B72B4B /* tuchi.png in Resources */,
				599AA71019DB06E200B72B4B /* fire.png in Resources */,
				59828D4419FCCDC4005F0ED8 /* ごきげんちゃん01 2.png in Resources */,
			);
			runOnlyForDeploymentPostprocessing = 0;
		};
		59347E9C1956B5300012F7DD /* Resources */ = {
			isa = PBXResourcesBuildPhase;
			buildActionMask = 2147483647;
			files = (
				59347EAA1956B5300012F7DD /* InfoPlist.strings in Resources */,
			);
			runOnlyForDeploymentPostprocessing = 0;
		};
/* End PBXResourcesBuildPhase section */

/* Begin PBXSourcesBuildPhase section */
		59347E791956B5300012F7DD /* Sources */ = {
			isa = PBXSourcesBuildPhase;
			buildActionMask = 2147483647;
			files = (
				5924101B19B306500007534E /* typeCheck.m in Sources */,
				5936D21219E11DFA005CB58F /* selectType.m in Sources */,
				59347E971956B5300012F7DD /* ViewController.m in Sources */,
				59347E911956B5300012F7DD /* AppDelegate.m in Sources */,
				5924101819B2FEB90007534E /* mypage.m in Sources */,
				59347E8D1956B5300012F7DD /* main.m in Sources */,
			);
			runOnlyForDeploymentPostprocessing = 0;
		};
		59347E9A1956B5300012F7DD /* Sources */ = {
			isa = PBXSourcesBuildPhase;
			buildActionMask = 2147483647;
			files = (
				59347EAC1956B5300012F7DD /* gokigenvoiceTests.m in Sources */,
			);
			runOnlyForDeploymentPostprocessing = 0;
		};
/* End PBXSourcesBuildPhase section */

/* Begin PBXTargetDependency section */
		59347EA41956B5300012F7DD /* PBXTargetDependency */ = {
			isa = PBXTargetDependency;
			target = 59347E7C1956B5300012F7DD /* gokigenvoice */;
			targetProxy = 59347EA31956B5300012F7DD /* PBXContainerItemProxy */;
		};
/* End PBXTargetDependency section */

/* Begin PBXVariantGroup section */
		59347E891956B5300012F7DD /* InfoPlist.strings */ = {
			isa = PBXVariantGroup;
			children = (
				59347E8A1956B5300012F7DD /* en */,
			);
			name = InfoPlist.strings;
			sourceTree = "<group>";
		};
		59347E921956B5300012F7DD /* Main.storyboard */ = {
			isa = PBXVariantGroup;
			children = (
				59347E931956B5300012F7DD /* Base */,
			);
			name = Main.storyboard;
			sourceTree = "<group>";
		};
		59347EA81956B5300012F7DD /* InfoPlist.strings */ = {
			isa = PBXVariantGroup;
			children = (
				59347EA91956B5300012F7DD /* en */,
			);
			name = InfoPlist.strings;
			sourceTree = "<group>";
		};
/* End PBXVariantGroup section */

/* Begin XCBuildConfiguration section */
		59347EAD1956B5300012F7DD /* Debug */ = {
			isa = XCBuildConfiguration;
			buildSettings = {
				ALWAYS_SEARCH_USER_PATHS = NO;
				CLANG_CXX_LANGUAGE_STANDARD = "gnu++0x";
				CLANG_CXX_LIBRARY = "libc++";
				CLANG_ENABLE_MODULES = YES;
				CLANG_ENABLE_OBJC_ARC = YES;
				CLANG_WARN_BOOL_CONVERSION = YES;
				CLANG_WARN_CONSTANT_CONVERSION = YES;
				CLANG_WARN_DIRECT_OBJC_ISA_USAGE = YES_ERROR;
				CLANG_WARN_EMPTY_BODY = YES;
				CLANG_WARN_ENUM_CONVERSION = YES;
				CLANG_WARN_INT_CONVERSION = YES;
				CLANG_WARN_OBJC_ROOT_CLASS = YES_ERROR;
				CLANG_WARN__DUPLICATE_METHOD_MATCH = YES;
				CODE_SIGN_IDENTITY = "iPhone Developer: kohei hamaji (73N48SRJSM)";
				"CODE_SIGN_IDENTITY[sdk=iphoneos*]" = "iPhone Developer";
				COPY_PHASE_STRIP = NO;
				GCC_C_LANGUAGE_STANDARD = gnu99;
				GCC_DYNAMIC_NO_PIC = NO;
				GCC_OPTIMIZATION_LEVEL = 0;
				GCC_PREPROCESSOR_DEFINITIONS = (
					"DEBUG=1",
					"$(inherited)",
				);
				GCC_SYMBOLS_PRIVATE_EXTERN = NO;
				GCC_WARN_64_TO_32_BIT_CONVERSION = YES;
				GCC_WARN_ABOUT_RETURN_TYPE = YES_ERROR;
				GCC_WARN_UNDECLARED_SELECTOR = YES;
				GCC_WARN_UNINITIALIZED_AUTOS = YES_AGGRESSIVE;
				GCC_WARN_UNUSED_FUNCTION = YES;
				GCC_WARN_UNUSED_VARIABLE = YES;
				IPHONEOS_DEPLOYMENT_TARGET = 7.1;
				ONLY_ACTIVE_ARCH = YES;
				SDKROOT = iphoneos;
			};
			name = Debug;
		};
		59347EAE1956B5300012F7DD /* Release */ = {
			isa = XCBuildConfiguration;
			buildSettings = {
				ALWAYS_SEARCH_USER_PATHS = NO;
				CLANG_CXX_LANGUAGE_STANDARD = "gnu++0x";
				CLANG_CXX_LIBRARY = "libc++";
				CLANG_ENABLE_MODULES = YES;
				CLANG_ENABLE_OBJC_ARC = YES;
				CLANG_WARN_BOOL_CONVERSION = YES;
				CLANG_WARN_CONSTANT_CONVERSION = YES;
				CLANG_WARN_DIRECT_OBJC_ISA_USAGE = YES_ERROR;
				CLANG_WARN_EMPTY_BODY = YES;
				CLANG_WARN_ENUM_CONVERSION = YES;
				CLANG_WARN_INT_CONVERSION = YES;
				CLANG_WARN_OBJC_ROOT_CLASS = YES_ERROR;
				CLANG_WARN__DUPLICATE_METHOD_MATCH = YES;
				CODE_SIGN_IDENTITY = "iPhone Developer: kohei hamaji (73N48SRJSM)";
				"CODE_SIGN_IDENTITY[sdk=iphoneos*]" = "iPhone Developer: kohei hamaji (73N48SRJSM)";
				COPY_PHASE_STRIP = YES;
				ENABLE_NS_ASSERTIONS = NO;
				GCC_C_LANGUAGE_STANDARD = gnu99;
				GCC_WARN_64_TO_32_BIT_CONVERSION = YES;
				GCC_WARN_ABOUT_RETURN_TYPE = YES_ERROR;
				GCC_WARN_UNDECLARED_SELECTOR = YES;
				GCC_WARN_UNINITIALIZED_AUTOS = YES_AGGRESSIVE;
				GCC_WARN_UNUSED_FUNCTION = YES;
				GCC_WARN_UNUSED_VARIABLE = YES;
				IPHONEOS_DEPLOYMENT_TARGET = 7.1;
				SDKROOT = iphoneos;
				VALIDATE_PRODUCT = YES;
			};
			name = Release;
		};
		59347EB01956B5300012F7DD /* Debug */ = {
			isa = XCBuildConfiguration;
			buildSettings = {
				ASSETCATALOG_COMPILER_LAUNCHIMAGE_NAME = LaunchImage;
				CODE_SIGN_IDENTITY = "iPhone Developer";
				"CODE_SIGN_IDENTITY[sdk=iphoneos*]" = "iPhone Developer";
				GCC_PRECOMPILE_PREFIX_HEADER = YES;
				GCC_PREFIX_HEADER = "gokigenvoice/gokigenvoice-Prefix.pch";
				INFOPLIST_FILE = "gokigenvoice/gokigenvoice-Info.plist";
				PRODUCT_NAME = "$(TARGET_NAME)";
				PROVISIONING_PROFILE = "";
				TARGETED_DEVICE_FAMILY = 1;
				WRAPPER_EXTENSION = app;
			};
			name = Debug;
		};
		59347EB11956B5300012F7DD /* Release */ = {
			isa = XCBuildConfiguration;
			buildSettings = {
				ASSETCATALOG_COMPILER_LAUNCHIMAGE_NAME = LaunchImage;
				CODE_SIGN_IDENTITY = "iPhone Developer";
				"CODE_SIGN_IDENTITY[sdk=iphoneos*]" = "iPhone Developer";
				GCC_PRECOMPILE_PREFIX_HEADER = YES;
				GCC_PREFIX_HEADER = "gokigenvoice/gokigenvoice-Prefix.pch";
				INFOPLIST_FILE = "gokigenvoice/gokigenvoice-Info.plist";
				PRODUCT_NAME = "$(TARGET_NAME)";
				PROVISIONING_PROFILE = "";
				TARGETED_DEVICE_FAMILY = 1;
				WRAPPER_EXTENSION = app;
			};
			name = Release;
		};
		59347EB31956B5300012F7DD /* Debug */ = {
			isa = XCBuildConfiguration;
			buildSettings = {
				BUNDLE_LOADER = "$(BUILT_PRODUCTS_DIR)/gokigenvoice.app/gokigenvoice";
				FRAMEWORK_SEARCH_PATHS = (
					"$(SDKROOT)/Developer/Library/Frameworks",
					"$(inherited)",
					"$(DEVELOPER_FRAMEWORKS_DIR)",
				);
				GCC_PRECOMPILE_PREFIX_HEADER = YES;
				GCC_PREFIX_HEADER = "gokigenvoice/gokigenvoice-Prefix.pch";
				GCC_PREPROCESSOR_DEFINITIONS = (
					"DEBUG=1",
					"$(inherited)",
				);
				INFOPLIST_FILE = "gokigenvoiceTests/gokigenvoiceTests-Info.plist";
				PRODUCT_NAME = "$(TARGET_NAME)";
				TEST_HOST = "$(BUNDLE_LOADER)";
				WRAPPER_EXTENSION = xctest;
			};
			name = Debug;
		};
		59347EB41956B5300012F7DD /* Release */ = {
			isa = XCBuildConfiguration;
			buildSettings = {
				BUNDLE_LOADER = "$(BUILT_PRODUCTS_DIR)/gokigenvoice.app/gokigenvoice";
				FRAMEWORK_SEARCH_PATHS = (
					"$(SDKROOT)/Developer/Library/Frameworks",
					"$(inherited)",
					"$(DEVELOPER_FRAMEWORKS_DIR)",
				);
				GCC_PRECOMPILE_PREFIX_HEADER = YES;
				GCC_PREFIX_HEADER = "gokigenvoice/gokigenvoice-Prefix.pch";
				INFOPLIST_FILE = "gokigenvoiceTests/gokigenvoiceTests-Info.plist";
				PRODUCT_NAME = "$(TARGET_NAME)";
				TEST_HOST = "$(BUNDLE_LOADER)";
				WRAPPER_EXTENSION = xctest;
			};
			name = Release;
		};
/* End XCBuildConfiguration section */

/* Begin XCConfigurationList section */
		59347E781956B5300012F7DD /* Build configuration list for PBXProject "gokigenvoice" */ = {
			isa = XCConfigurationList;
			buildConfigurations = (
				59347EAD1956B5300012F7DD /* Debug */,
				59347EAE1956B5300012F7DD /* Release */,
			);
			defaultConfigurationIsVisible = 0;
			defaultConfigurationName = Release;
		};
		59347EAF1956B5300012F7DD /* Build configuration list for PBXNativeTarget "gokigenvoice" */ = {
			isa = XCConfigurationList;
			buildConfigurations = (
				59347EB01956B5300012F7DD /* Debug */,
				59347EB11956B5300012F7DD /* Release */,
			);
			defaultConfigurationIsVisible = 0;
			defaultConfigurationName = Release;
		};
		59347EB21956B5300012F7DD /* Build configuration list for PBXNativeTarget "gokigenvoiceTests" */ = {
			isa = XCConfigurationList;
			buildConfigurations = (
				59347EB31956B5300012F7DD /* Debug */,
				59347EB41956B5300012F7DD /* Release */,
			);
			defaultConfigurationIsVisible = 0;
			defaultConfigurationName = Release;
		};
/* End XCConfigurationList section */
	};
	rootObject = 59347E751956B5300012F7DD /* Project object */;
}
